
Microsoft Visual Studio Solution File, Format Version 12.00
# Visual Studio 15
VisualStudioVersion = 15.0.27004.2008
MinimumVisualStudioVersion = 10.0.40219.1
Project("{8BC9CEB8-8B4A-11D0-8D11-00A0C91BC942}") = "2DFrameWork", "2DFrameWork.vcxproj", "{1CA0CE89-2D7C-4B84-AEEB-DA638F79F543}"
EndProject
Global
	GlobalSection(SolutionConfigurationPlatforms) = preSolution
		Debug|x64 = Debug|x64
		Debug|x86 = Debug|x86
		Release|x64 = Release|x64
		Release|x86 = Release|x86
	EndGlobalSection
	GlobalSection(ProjectConfigurationPlatforms) = postSolution
		{1CA0CE89-2D7C-4B84-AEEB-DA638F79F543}.Debug|x64.ActiveCfg = Debug|x64
		{1CA0CE89-2D7C-4B84-AEEB-DA638F79F543}.Debug|x64.Build.0 = Debug|x64
		{1CA0CE89-2D7C-4B84-AEEB-DA638F79F543}.Debug|x86.ActiveCfg = Debug|Win32
		{1CA0CE89-2D7C-4B84-AEEB-DA638F79F543}.Debug|x86.Build.0 = Debug|Win32
		{1CA0CE89-2D7C-4B84-AEEB-DA638F79F543}.Release|x64.ActiveCfg = Release|x64
		{1CA0CE89-2D7C-4B84-AEEB-DA638F79F543}.Release|x64.Build.0 = Release|x64
		{1CA0CE89-2D7C-4B84-AEEB-DA638F79F543}.Release|x86.ActiveCfg = Release|Win32
		{1CA0CE89-2D7C-4B84-AEEB-DA638F79F543}.Release|x86.Build.0 = Release|Win32
	EndGlobalSection
	GlobalSection(SolutionProperties) = preSolution
		HideSolutionNode = FALSE
	EndGlobalSection
	GlobalSection(ExtensibilityGlobals) = postSolution
		SolutionGuid = {3303A2E9-C21E-42AE-A3E8-1E6A2F973F1D}
	EndGlobalSection
EndGlobal
